
Microsoft Visual Studio Solution File, Format Version 12.00
# Visual Studio Version 17
VisualStudioVersion = 17.8.34316.72
MinimumVisualStudioVersion = 10.0.40219.1
Project("{8BC9CEB8-8B4A-11D0-8D11-00A0C91BC942}") = "01_InitDevice", "01_InitDevice\01_InitDevice.vcxproj", "{83F44867-45F8-49A7-8190-D33BECEC7095}"
EndProject
Project("{8BC9CEB8-8B4A-11D0-8D11-00A0C91BC942}") = "02_Rendering", "02_Rendering\02_Rendering.vcxproj", "{DEDEC770-D39B-4295-92A0-8C3BCD0D9A8A}"
EndProject
Project("{8BC9CEB8-8B4A-11D0-8D11-00A0C91BC942}") = "03_RenderSmoothly_Shape", "03_RenderSmoothly_Shape\03_RenderSmoothly_Shape.vcxproj", "{263636C3-5914-4C21-93C6-13DC26A02E8C}"
EndProject
Project("{8BC9CEB8-8B4A-11D0-8D11-00A0C91BC942}") = "04_RenderSmoothly_Wave", "04_RenderSmoothly_Wave\04_RenderSmoothly_Wave.vcxproj", "{1D819EAB-FFFB-48AA-BF66-593E4123C324}"
EndProject
Project("{8BC9CEB8-8B4A-11D0-8D11-00A0C91BC942}") = "05_Light&Material", "05_Light&Material\05_Light&Material.vcxproj", "{5FAF3B0A-55AC-441E-96C1-959EBFFA44ED}"
EndProject
Project("{2150E333-8FDC-42A3-9474-1A3956D46DE8}") = "#1 D3DStart", "#1 D3DStart", "{9705F9D3-FE30-4EE8-9C6E-FE08FA505510}"
EndProject
Project("{8BC9CEB8-8B4A-11D0-8D11-00A0C91BC942}") = "06_Texture", "06_Texture\06_Texture.vcxproj", "{B880261A-1ADA-4291-BADB-23FE0E4DE567}"
EndProject
Project("{8BC9CEB8-8B4A-11D0-8D11-00A0C91BC942}") = "07_Blending", "07_Blending\07_Blending.vcxproj", "{CE57B9D8-C6B4-4B4F-B49D-FEE439A9C19B}"
EndProject
Project("{8BC9CEB8-8B4A-11D0-8D11-00A0C91BC942}") = "08_Stencil", "08_Stencil\08_Stencil.vcxproj", "{A54A0D76-6E58-4898-A993-BD1708288EB1}"
EndProject
Project("{8BC9CEB8-8B4A-11D0-8D11-00A0C91BC942}") = "09_GeometryShader", "09_GeometryShader\09_GeometryShader.vcxproj", "{82961057-97C0-4A43-A8D3-9B65E83804CD}"
EndProject
Project("{8BC9CEB8-8B4A-11D0-8D11-00A0C91BC942}") = "10_ComputeShader", "10_ComputeShader\10_ComputeShader.vcxproj", "{6AD87BC5-7FD1-4C84-8A2C-D6735AD9CC6B}"
EndProject
Project("{8BC9CEB8-8B4A-11D0-8D11-00A0C91BC942}") = "11_Tessellation", "11_Tessellation\11_Tessellation.vcxproj", "{A506E153-DA47-4B86-B76A-7588E21E0E5F}"
EndProject
Project("{2150E333-8FDC-42A3-9474-1A3956D46DE8}") = "#2 D3DBasic", "#2 D3DBasic", "{C281436C-479D-4611-88C4-F7D87EAFA6C5}"
EndProject
Project("{2150E333-8FDC-42A3-9474-1A3956D46DE8}") = "#3 D3DSkills", "#3 D3DSkills", "{5D17FB62-3058-4ED0-BECF-0C2E8F1692B6}"
EndProject
Project("{8BC9CEB8-8B4A-11D0-8D11-00A0C91BC942}") = "13_Instancing_Frustum", "13_Instancing_Frustum\13_Instancing_Frustum.vcxproj", "{4B70AA1C-9ACD-45BB-B3FD-A2C3BB25A918}"
EndProject
Project("{8BC9CEB8-8B4A-11D0-8D11-00A0C91BC942}") = "12_FPSCamera_Indexing", "12_FPSCamera_Indexing\12_FPSCamera_Indexing.vcxproj", "{12535442-FE78-44BF-BB31-E894F68FEBC2}"
EndProject
Project("{8BC9CEB8-8B4A-11D0-8D11-00A0C91BC942}") = "14_Picking", "14_Picking\14_Picking.vcxproj", "{12FBA55C-C9DA-43E9-B833-215C92369BF1}"
EndProject
Project("{8BC9CEB8-8B4A-11D0-8D11-00A0C91BC942}") = "15_CubeMap", "15_CubeMap\15_CubeMap.vcxproj", "{12FEF689-D093-4223-A126-4B7448CEC472}"
EndProject
Project("{8BC9CEB8-8B4A-11D0-8D11-00A0C91BC942}") = "16_NormalMapping", "16_NormalMapping\16_NormalMapping.vcxproj", "{E2D38DFF-864A-47C2-B191-7DB788B33A4D}"
EndProject
Project("{8BC9CEB8-8B4A-11D0-8D11-00A0C91BC942}") = "17_ShadowMapping", "17_ShadowMapping\17_ShadowMapping.vcxproj", "{BC0903EA-14E7-4589-BA09-82ECD5BE1968}"
EndProject
Global
	GlobalSection(SolutionConfigurationPlatforms) = preSolution
		Debug|x64 = Debug|x64
		Debug|x86 = Debug|x86
		Release|x64 = Release|x64
		Release|x86 = Release|x86
	EndGlobalSection
	GlobalSection(ProjectConfigurationPlatforms) = postSolution
		{83F44867-45F8-49A7-8190-D33BECEC7095}.Debug|x64.ActiveCfg = Debug|x64
		{83F44867-45F8-49A7-8190-D33BECEC7095}.Debug|x64.Build.0 = Debug|x64
		{83F44867-45F8-49A7-8190-D33BECEC7095}.Debug|x86.ActiveCfg = Debug|Win32
		{83F44867-45F8-49A7-8190-D33BECEC7095}.Debug|x86.Build.0 = Debug|Win32
		{83F44867-45F8-49A7-8190-D33BECEC7095}.Release|x64.ActiveCfg = Release|x64
		{83F44867-45F8-49A7-8190-D33BECEC7095}.Release|x64.Build.0 = Release|x64
		{83F44867-45F8-49A7-8190-D33BECEC7095}.Release|x86.ActiveCfg = Release|Win32
		{83F44867-45F8-49A7-8190-D33BECEC7095}.Release|x86.Build.0 = Release|Win32
		{DEDEC770-D39B-4295-92A0-8C3BCD0D9A8A}.Debug|x64.ActiveCfg = Debug|x64
		{DEDEC770-D39B-4295-92A0-8C3BCD0D9A8A}.Debug|x64.Build.0 = Debug|x64
		{DEDEC770-D39B-4295-92A0-8C3BCD0D9A8A}.Debug|x86.ActiveCfg = Debug|Win32
		{DEDEC770-D39B-4295-92A0-8C3BCD0D9A8A}.Debug|x86.Build.0 = Debug|Win32
		{DEDEC770-D39B-4295-92A0-8C3BCD0D9A8A}.Release|x64.ActiveCfg = Release|x64
		{DEDEC770-D39B-4295-92A0-8C3BCD0D9A8A}.Release|x64.Build.0 = Release|x64
		{DEDEC770-D39B-4295-92A0-8C3BCD0D9A8A}.Release|x86.ActiveCfg = Release|Win32
		{DEDEC770-D39B-4295-92A0-8C3BCD0D9A8A}.Release|x86.Build.0 = Release|Win32
		{263636C3-5914-4C21-93C6-13DC26A02E8C}.Debug|x64.ActiveCfg = Debug|x64
		{263636C3-5914-4C21-93C6-13DC26A02E8C}.Debug|x64.Build.0 = Debug|x64
		{263636C3-5914-4C21-93C6-13DC26A02E8C}.Debug|x86.ActiveCfg = Debug|Win32
		{263636C3-5914-4C21-93C6-13DC26A02E8C}.Debug|x86.Build.0 = Debug|Win32
		{263636C3-5914-4C21-93C6-13DC26A02E8C}.Release|x64.ActiveCfg = Release|x64
		{263636C3-5914-4C21-93C6-13DC26A02E8C}.Release|x64.Build.0 = Release|x64
		{263636C3-5914-4C21-93C6-13DC26A02E8C}.Release|x86.ActiveCfg = Release|Win32
		{263636C3-5914-4C21-93C6-13DC26A02E8C}.Release|x86.Build.0 = Release|Win32
		{1D819EAB-FFFB-48AA-BF66-593E4123C324}.Debug|x64.ActiveCfg = Debug|x64
		{1D819EAB-FFFB-48AA-BF66-593E4123C324}.Debug|x64.Build.0 = Debug|x64
		{1D819EAB-FFFB-48AA-BF66-593E4123C324}.Debug|x86.ActiveCfg = Debug|Win32
		{1D819EAB-FFFB-48AA-BF66-593E4123C324}.Debug|x86.Build.0 = Debug|Win32
		{1D819EAB-FFFB-48AA-BF66-593E4123C324}.Release|x64.ActiveCfg = Release|x64
		{1D819EAB-FFFB-48AA-BF66-593E4123C324}.Release|x64.Build.0 = Release|x64
		{1D819EAB-FFFB-48AA-BF66-593E4123C324}.Release|x86.ActiveCfg = Release|Win32
		{1D819EAB-FFFB-48AA-BF66-593E4123C324}.Release|x86.Build.0 = Release|Win32
		{5FAF3B0A-55AC-441E-96C1-959EBFFA44ED}.Debug|x64.ActiveCfg = Debug|x64
		{5FAF3B0A-55AC-441E-96C1-959EBFFA44ED}.Debug|x64.Build.0 = Debug|x64
		{5FAF3B0A-55AC-441E-96C1-959EBFFA44ED}.Debug|x86.ActiveCfg = Debug|Win32
		{5FAF3B0A-55AC-441E-96C1-959EBFFA44ED}.Debug|x86.Build.0 = Debug|Win32
		{5FAF3B0A-55AC-441E-96C1-959EBFFA44ED}.Release|x64.ActiveCfg = Release|x64
		{5FAF3B0A-55AC-441E-96C1-959EBFFA44ED}.Release|x64.Build.0 = Release|x64
		{5FAF3B0A-55AC-441E-96C1-959EBFFA44ED}.Release|x86.ActiveCfg = Release|Win32
		{5FAF3B0A-55AC-441E-96C1-959EBFFA44ED}.Release|x86.Build.0 = Release|Win32
		{B880261A-1ADA-4291-BADB-23FE0E4DE567}.Debug|x64.ActiveCfg = Debug|x64
		{B880261A-1ADA-4291-BADB-23FE0E4DE567}.Debug|x64.Build.0 = Debug|x64
		{B880261A-1ADA-4291-BADB-23FE0E4DE567}.Debug|x86.ActiveCfg = Debug|Win32
		{B880261A-1ADA-4291-BADB-23FE0E4DE567}.Debug|x86.Build.0 = Debug|Win32
		{B880261A-1ADA-4291-BADB-23FE0E4DE567}.Release|x64.ActiveCfg = Release|x64
		{B880261A-1ADA-4291-BADB-23FE0E4DE567}.Release|x64.Build.0 = Release|x64
		{B880261A-1ADA-4291-BADB-23FE0E4DE567}.Release|x86.ActiveCfg = Release|Win32
		{B880261A-1ADA-4291-BADB-23FE0E4DE567}.Release|x86.Build.0 = Release|Win32
		{CE57B9D8-C6B4-4B4F-B49D-FEE439A9C19B}.Debug|x64.ActiveCfg = Debug|x64
		{CE57B9D8-C6B4-4B4F-B49D-FEE439A9C19B}.Debug|x64.Build.0 = Debug|x64
		{CE57B9D8-C6B4-4B4F-B49D-FEE439A9C19B}.Debug|x86.ActiveCfg = Debug|Win32
		{CE57B9D8-C6B4-4B4F-B49D-FEE439A9C19B}.Debug|x86.Build.0 = Debug|Win32
		{CE57B9D8-C6B4-4B4F-B49D-FEE439A9C19B}.Release|x64.ActiveCfg = Release|x64
		{CE57B9D8-C6B4-4B4F-B49D-FEE439A9C19B}.Release|x64.Build.0 = Release|x64
		{CE57B9D8-C6B4-4B4F-B49D-FEE439A9C19B}.Release|x86.ActiveCfg = Release|Win32
		{CE57B9D8-C6B4-4B4F-B49D-FEE439A9C19B}.Release|x86.Build.0 = Release|Win32
		{A54A0D76-6E58-4898-A993-BD1708288EB1}.Debug|x64.ActiveCfg = Debug|x64
		{A54A0D76-6E58-4898-A993-BD1708288EB1}.Debug|x64.Build.0 = Debug|x64
		{A54A0D76-6E58-4898-A993-BD1708288EB1}.Debug|x86.ActiveCfg = Debug|Win32
		{A54A0D76-6E58-4898-A993-BD1708288EB1}.Debug|x86.Build.0 = Debug|Win32
		{A54A0D76-6E58-4898-A993-BD1708288EB1}.Release|x64.ActiveCfg = Release|x64
		{A54A0D76-6E58-4898-A993-BD1708288EB1}.Release|x64.Build.0 = Release|x64
		{A54A0D76-6E58-4898-A993-BD1708288EB1}.Release|x86.ActiveCfg = Release|Win32
		{A54A0D76-6E58-4898-A993-BD1708288EB1}.Release|x86.Build.0 = Release|Win32
		{82961057-97C0-4A43-A8D3-9B65E83804CD}.Debug|x64.ActiveCfg = Debug|x64
		{82961057-97C0-4A43-A8D3-9B65E83804CD}.Debug|x64.Build.0 = Debug|x64
		{82961057-97C0-4A43-A8D3-9B65E83804CD}.Debug|x86.ActiveCfg = Debug|Win32
		{82961057-97C0-4A43-A8D3-9B65E83804CD}.Debug|x86.Build.0 = Debug|Win32
		{82961057-97C0-4A43-A8D3-9B65E83804CD}.Release|x64.ActiveCfg = Release|x64
		{82961057-97C0-4A43-A8D3-9B65E83804CD}.Release|x64.Build.0 = Release|x64
		{82961057-97C0-4A43-A8D3-9B65E83804CD}.Release|x86.ActiveCfg = Release|Win32
		{82961057-97C0-4A43-A8D3-9B65E83804CD}.Release|x86.Build.0 = Release|Win32
		{6AD87BC5-7FD1-4C84-8A2C-D6735AD9CC6B}.Debug|x64.ActiveCfg = Debug|x64
		{6AD87BC5-7FD1-4C84-8A2C-D6735AD9CC6B}.Debug|x64.Build.0 = Debug|x64
		{6AD87BC5-7FD1-4C84-8A2C-D6735AD9CC6B}.Debug|x86.ActiveCfg = Debug|Win32
		{6AD87BC5-7FD1-4C84-8A2C-D6735AD9CC6B}.Debug|x86.Build.0 = Debug|Win32
		{6AD87BC5-7FD1-4C84-8A2C-D6735AD9CC6B}.Release|x64.ActiveCfg = Release|x64
		{6AD87BC5-7FD1-4C84-8A2C-D6735AD9CC6B}.Release|x64.Build.0 = Release|x64
		{6AD87BC5-7FD1-4C84-8A2C-D6735AD9CC6B}.Release|x86.ActiveCfg = Release|Win32
		{6AD87BC5-7FD1-4C84-8A2C-D6735AD9CC6B}.Release|x86.Build.0 = Release|Win32
		{A506E153-DA47-4B86-B76A-7588E21E0E5F}.Debug|x64.ActiveCfg = Debug|x64
		{A506E153-DA47-4B86-B76A-7588E21E0E5F}.Debug|x64.Build.0 = Debug|x64
		{A506E153-DA47-4B86-B76A-7588E21E0E5F}.Debug|x86.ActiveCfg = Debug|Win32
		{A506E153-DA47-4B86-B76A-7588E21E0E5F}.Debug|x86.Build.0 = Debug|Win32
		{A506E153-DA47-4B86-B76A-7588E21E0E5F}.Release|x64.ActiveCfg = Release|x64
		{A506E153-DA47-4B86-B76A-7588E21E0E5F}.Release|x64.Build.0 = Release|x64
		{A506E153-DA47-4B86-B76A-7588E21E0E5F}.Release|x86.ActiveCfg = Release|Win32
		{A506E153-DA47-4B86-B76A-7588E21E0E5F}.Release|x86.Build.0 = Release|Win32
		{4B70AA1C-9ACD-45BB-B3FD-A2C3BB25A918}.Debug|x64.ActiveCfg = Debug|x64
		{4B70AA1C-9ACD-45BB-B3FD-A2C3BB25A918}.Debug|x64.Build.0 = Debug|x64
		{4B70AA1C-9ACD-45BB-B3FD-A2C3BB25A918}.Debug|x86.ActiveCfg = Debug|Win32
		{4B70AA1C-9ACD-45BB-B3FD-A2C3BB25A918}.Debug|x86.Build.0 = Debug|Win32
		{4B70AA1C-9ACD-45BB-B3FD-A2C3BB25A918}.Release|x64.ActiveCfg = Release|x64
		{4B70AA1C-9ACD-45BB-B3FD-A2C3BB25A918}.Release|x64.Build.0 = Release|x64
		{4B70AA1C-9ACD-45BB-B3FD-A2C3BB25A918}.Release|x86.ActiveCfg = Release|Win32
		{4B70AA1C-9ACD-45BB-B3FD-A2C3BB25A918}.Release|x86.Build.0 = Release|Win32
		{12535442-FE78-44BF-BB31-E894F68FEBC2}.Debug|x64.ActiveCfg = Debug|x64
		{12535442-FE78-44BF-BB31-E894F68FEBC2}.Debug|x64.Build.0 = Debug|x64
		{12535442-FE78-44BF-BB31-E894F68FEBC2}.Debug|x86.ActiveCfg = Debug|Win32
		{12535442-FE78-44BF-BB31-E894F68FEBC2}.Debug|x86.Build.0 = Debug|Win32
		{12535442-FE78-44BF-BB31-E894F68FEBC2}.Release|x64.ActiveCfg = Release|x64
		{12535442-FE78-44BF-BB31-E894F68FEBC2}.Release|x64.Build.0 = Release|x64
		{12535442-FE78-44BF-BB31-E894F68FEBC2}.Release|x86.ActiveCfg = Release|Win32
		{12535442-FE78-44BF-BB31-E894F68FEBC2}.Release|x86.Build.0 = Release|Win32
		{12FBA55C-C9DA-43E9-B833-215C92369BF1}.Debug|x64.ActiveCfg = Debug|x64
		{12FBA55C-C9DA-43E9-B833-215C92369BF1}.Debug|x64.Build.0 = Debug|x64
		{12FBA55C-C9DA-43E9-B833-215C92369BF1}.Debug|x86.ActiveCfg = Debug|Win32
		{12FBA55C-C9DA-43E9-B833-215C92369BF1}.Debug|x86.Build.0 = Debug|Win32
		{12FBA55C-C9DA-43E9-B833-215C92369BF1}.Release|x64.ActiveCfg = Release|x64
		{12FBA55C-C9DA-43E9-B833-215C92369BF1}.Release|x64.Build.0 = Release|x64
		{12FBA55C-C9DA-43E9-B833-215C92369BF1}.Release|x86.ActiveCfg = Release|Win32
		{12FBA55C-C9DA-43E9-B833-215C92369BF1}.Release|x86.Build.0 = Release|Win32
		{12FEF689-D093-4223-A126-4B7448CEC472}.Debug|x64.ActiveCfg = Debug|x64
		{12FEF689-D093-4223-A126-4B7448CEC472}.Debug|x64.Build.0 = Debug|x64
		{12FEF689-D093-4223-A126-4B7448CEC472}.Debug|x86.ActiveCfg = Debug|Win32
		{12FEF689-D093-4223-A126-4B7448CEC472}.Debug|x86.Build.0 = Debug|Win32
		{12FEF689-D093-4223-A126-4B7448CEC472}.Release|x64.ActiveCfg = Release|x64
		{12FEF689-D093-4223-A126-4B7448CEC472}.Release|x64.Build.0 = Release|x64
		{12FEF689-D093-4223-A126-4B7448CEC472}.Release|x86.ActiveCfg = Release|Win32
		{12FEF689-D093-4223-A126-4B7448CEC472}.Release|x86.Build.0 = Release|Win32
		{E2D38DFF-864A-47C2-B191-7DB788B33A4D}.Debug|x64.ActiveCfg = Debug|x64
		{E2D38DFF-864A-47C2-B191-7DB788B33A4D}.Debug|x64.Build.0 = Debug|x64
		{E2D38DFF-864A-47C2-B191-7DB788B33A4D}.Debug|x86.ActiveCfg = Debug|Win32
		{E2D38DFF-864A-47C2-B191-7DB788B33A4D}.Debug|x86.Build.0 = Debug|Win32
		{E2D38DFF-864A-47C2-B191-7DB788B33A4D}.Release|x64.ActiveCfg = Release|x64
		{E2D38DFF-864A-47C2-B191-7DB788B33A4D}.Release|x64.Build.0 = Release|x64
		{E2D38DFF-864A-47C2-B191-7DB788B33A4D}.Release|x86.ActiveCfg = Release|Win32
		{E2D38DFF-864A-47C2-B191-7DB788B33A4D}.Release|x86.Build.0 = Release|Win32
		{BC0903EA-14E7-4589-BA09-82ECD5BE1968}.Debug|x64.ActiveCfg = Debug|x64
		{BC0903EA-14E7-4589-BA09-82ECD5BE1968}.Debug|x64.Build.0 = Debug|x64
		{BC0903EA-14E7-4589-BA09-82ECD5BE1968}.Debug|x86.ActiveCfg = Debug|Win32
		{BC0903EA-14E7-4589-BA09-82ECD5BE1968}.Debug|x86.Build.0 = Debug|Win32
		{BC0903EA-14E7-4589-BA09-82ECD5BE1968}.Release|x64.ActiveCfg = Release|x64
		{BC0903EA-14E7-4589-BA09-82ECD5BE1968}.Release|x64.Build.0 = Release|x64
		{BC0903EA-14E7-4589-BA09-82ECD5BE1968}.Release|x86.ActiveCfg = Release|Win32
		{BC0903EA-14E7-4589-BA09-82ECD5BE1968}.Release|x86.Build.0 = Release|Win32
	EndGlobalSection
	GlobalSection(SolutionProperties) = preSolution
		HideSolutionNode = FALSE
	EndGlobalSection
	GlobalSection(NestedProjects) = preSolution
		{83F44867-45F8-49A7-8190-D33BECEC7095} = {9705F9D3-FE30-4EE8-9C6E-FE08FA505510}
		{DEDEC770-D39B-4295-92A0-8C3BCD0D9A8A} = {9705F9D3-FE30-4EE8-9C6E-FE08FA505510}
		{263636C3-5914-4C21-93C6-13DC26A02E8C} = {9705F9D3-FE30-4EE8-9C6E-FE08FA505510}
		{1D819EAB-FFFB-48AA-BF66-593E4123C324} = {9705F9D3-FE30-4EE8-9C6E-FE08FA505510}
		{5FAF3B0A-55AC-441E-96C1-959EBFFA44ED} = {C281436C-479D-4611-88C4-F7D87EAFA6C5}
		{B880261A-1ADA-4291-BADB-23FE0E4DE567} = {C281436C-479D-4611-88C4-F7D87EAFA6C5}
		{CE57B9D8-C6B4-4B4F-B49D-FEE439A9C19B} = {C281436C-479D-4611-88C4-F7D87EAFA6C5}
		{A54A0D76-6E58-4898-A993-BD1708288EB1} = {C281436C-479D-4611-88C4-F7D87EAFA6C5}
		{82961057-97C0-4A43-A8D3-9B65E83804CD} = {C281436C-479D-4611-88C4-F7D87EAFA6C5}
		{6AD87BC5-7FD1-4C84-8A2C-D6735AD9CC6B} = {C281436C-479D-4611-88C4-F7D87EAFA6C5}
		{A506E153-DA47-4B86-B76A-7588E21E0E5F} = {C281436C-479D-4611-88C4-F7D87EAFA6C5}
		{4B70AA1C-9ACD-45BB-B3FD-A2C3BB25A918} = {5D17FB62-3058-4ED0-BECF-0C2E8F1692B6}
		{12535442-FE78-44BF-BB31-E894F68FEBC2} = {5D17FB62-3058-4ED0-BECF-0C2E8F1692B6}
		{12FBA55C-C9DA-43E9-B833-215C92369BF1} = {5D17FB62-3058-4ED0-BECF-0C2E8F1692B6}
		{12FEF689-D093-4223-A126-4B7448CEC472} = {5D17FB62-3058-4ED0-BECF-0C2E8F1692B6}
		{E2D38DFF-864A-47C2-B191-7DB788B33A4D} = {5D17FB62-3058-4ED0-BECF-0C2E8F1692B6}
		{BC0903EA-14E7-4589-BA09-82ECD5BE1968} = {5D17FB62-3058-4ED0-BECF-0C2E8F1692B6}
	EndGlobalSection
	GlobalSection(ExtensibilityGlobals) = postSolution
		SolutionGuid = {2B418292-448D-49DF-BD2F-502BB840CFB6}
	EndGlobalSection
EndGlobal
