<?xml version="1.0" encoding="utf-8"?>
<Project ToolsVersion="4.0" xmlns="http://schemas.microsoft.com/developer/msbuild/2003">
  <ItemGroup>
    <Filter Include="Renderer">
      <UniqueIdentifier>{384b0834-5a7b-48ec-b6da-4ea30ffbd164}</UniqueIdentifier>
    </Filter>
    <Filter Include="pch">
      <UniqueIdentifier>{b766fad4-dd79-4138-af47-8f6cfe1cd7a6}</UniqueIdentifier>
    </Filter>
    <Filter Include="Util">
      <UniqueIdentifier>{83708c97-f1a7-4fe1-a2c7-224abcfb1dbe}</UniqueIdentifier>
    </Filter>
    <Filter Include="Renderer\D3D12Renderer">
      <UniqueIdentifier>{594a5c16-3dd4-4cf9-9b63-f43603932928}</UniqueIdentifier>
    </Filter>
    <Filter Include="typedef">
      <UniqueIdentifier>{f8d401d7-b609-40d7-a585-5387b38e904a}</UniqueIdentifier>
    </Filter>
    <Filter Include="Shaders">
      <UniqueIdentifier>{8424b605-4608-443c-9963-01fa14b6b84e}</UniqueIdentifier>
    </Filter>
    <Filter Include="Renderer\ResourceManager">
      <UniqueIdentifier>{bc88916b-ff0c-4068-a7a1-6aaefe8c482f}</UniqueIdentifier>
    </Filter>
    <Filter Include="Renderer\ConstantBufferPool">
      <UniqueIdentifier>{9ec96282-57d4-4b12-957d-60904b869164}</UniqueIdentifier>
    </Filter>
    <Filter Include="Renderer\DescriptorPool">
      <UniqueIdentifier>{28ad5a8a-f0a8-4486-84b9-93126ef93655}</UniqueIdentifier>
    </Filter>
    <Filter Include="Renderer\SingleDescriptorAllocator">
      <UniqueIdentifier>{cfff2688-0961-4daf-8151-3cbe77260d3c}</UniqueIdentifier>
    </Filter>
    <Filter Include="DirectXTex">
      <UniqueIdentifier>{9b027c04-2b4e-4b34-8f0b-34ce892e8d45}</UniqueIdentifier>
    </Filter>
    <Filter Include="DirectXTex\DDSLoader">
      <UniqueIdentifier>{ee047592-d21c-41bb-9be7-ac1a5ca831d4}</UniqueIdentifier>
    </Filter>
    <Filter Include="Renderer\ConstantBufferManager">
      <UniqueIdentifier>{f50bc249-af19-48b6-a454-f67691b1ad51}</UniqueIdentifier>
    </Filter>
    <Filter Include="Renderer\SpriteObject">
      <UniqueIdentifier>{06764044-8e36-44de-a4f5-922b1ed54bc4}</UniqueIdentifier>
    </Filter>
    <Filter Include="Renderer\PSOPool">
      <UniqueIdentifier>{d081e109-7eb8-4fdb-81a4-5bb38c5a6f2f}</UniqueIdentifier>
    </Filter>
    <Filter Include="DirectXTex\WICLoader">
      <UniqueIdentifier>{9aa48b06-2c42-4ff9-9ef4-6a21a1c162d0}</UniqueIdentifier>
    </Filter>
    <Filter Include="Renderer\D3D12Renderer\Camera">
      <UniqueIdentifier>{41622889-b42e-4cfd-9c79-c81d61cf499e}</UniqueIdentifier>
    </Filter>
    <Filter Include="Engine">
      <UniqueIdentifier>{3f86b3e8-dead-4131-9d7f-f4d48cf1b65d}</UniqueIdentifier>
    </Filter>
    <Filter Include="Engine\Timer">
      <UniqueIdentifier>{2df45fb0-ed7a-447b-a49e-9bd4153adee5}</UniqueIdentifier>
    </Filter>
    <Filter Include="RenderAssets">
      <UniqueIdentifier>{33d3ac4f-f76a-45c0-b39b-5fcbbf198df9}</UniqueIdentifier>
    </Filter>
    <Filter Include="RenderAssets\ColorRenderMesh">
      <UniqueIdentifier>{1f79a5c3-fa53-4c5c-9959-1dc12f0ba4e0}</UniqueIdentifier>
    </Filter>
    <Filter Include="RenderAssets\ColorRenderMesh\Grid">
      <UniqueIdentifier>{10c37ae0-0f96-419b-ad3e-d5dc7b180df1}</UniqueIdentifier>
    </Filter>
    <Filter Include="RenderAssets\TextureRenderMesh">
      <UniqueIdentifier>{dd0d1fc3-f541-4e76-9e84-ba70613cc59e}</UniqueIdentifier>
    </Filter>
    <Filter Include="[Deleted]">
      <UniqueIdentifier>{92dd4bbe-d461-452f-8b24-5d75a06e0e30}</UniqueIdentifier>
    </Filter>
    <Filter Include="[Deleted]\BasicMeshObject">
      <UniqueIdentifier>{507bfa22-9749-4bbe-a7f9-dcf5627b398d}</UniqueIdentifier>
    </Filter>
    <Filter Include="Shaders\Common">
      <UniqueIdentifier>{f84ede07-ee50-4244-985f-5dd22c06d1c9}</UniqueIdentifier>
    </Filter>
    <Filter Include="Streamer">
      <UniqueIdentifier>{a034c2d6-5c8c-457f-b87e-c340e743e6ca}</UniqueIdentifier>
    </Filter>
  </ItemGroup>
  <ItemGroup>
    <ClInclude Include="pch.h">
      <Filter>pch</Filter>
    </ClInclude>
    <ClInclude Include="D3DUtil.h">
      <Filter>Util</Filter>
    </ClInclude>
    <ClInclude Include="targetver.h" />
    <ClInclude Include="D3D12Renderer.h">
      <Filter>Renderer\D3D12Renderer</Filter>
    </ClInclude>
    <ClInclude Include="typedef.h">
      <Filter>typedef</Filter>
    </ClInclude>
    <ClInclude Include="D3D12ResourceManager.h">
      <Filter>Renderer\ResourceManager</Filter>
    </ClInclude>
    <ClInclude Include="ConstantBufferPool.h">
      <Filter>Renderer\ConstantBufferPool</Filter>
    </ClInclude>
    <ClInclude Include="DescriptorPool.h">
      <Filter>Renderer\DescriptorPool</Filter>
    </ClInclude>
    <ClInclude Include="SingleDescriptorAllocator.h">
      <Filter>Renderer\SingleDescriptorAllocator</Filter>
    </ClInclude>
    <ClInclude Include="IndexCreator.h">
      <Filter>Util</Filter>
    </ClInclude>
    <ClInclude Include="DirectXTexHeader.h">
      <Filter>DirectXTex</Filter>
    </ClInclude>
    <ClInclude Include="DDSTextureLoader12.h">
      <Filter>DirectXTex\DDSLoader</Filter>
    </ClInclude>
    <ClInclude Include="VertexUtil.h">
      <Filter>Util</Filter>
    </ClInclude>
    <ClInclude Include="ConstantBufferManager.h">
      <Filter>Renderer\ConstantBufferManager</Filter>
    </ClInclude>
    <ClInclude Include="SpriteObject.h">
      <Filter>Renderer\SpriteObject</Filter>
    </ClInclude>
    <ClInclude Include="D3D12PSOCache.h">
      <Filter>Renderer\PSOPool</Filter>
    </ClInclude>
    <ClInclude Include="PSOKeys.h">
      <Filter>Renderer\PSOPool</Filter>
    </ClInclude>
    <ClInclude Include="WICTextureLoader12.h">
      <Filter>DirectXTex\WICLoader</Filter>
    </ClInclude>
    <ClInclude Include="CommonAssets.h">
      <Filter>RenderAssets</Filter>
    </ClInclude>
    <ClInclude Include="Grid_RenderMesh.h">
      <Filter>RenderAssets\ColorRenderMesh\Grid</Filter>
    </ClInclude>
    <ClInclude Include="FlyCamera.h">
      <Filter>Renderer\D3D12Renderer\Camera</Filter>
    </ClInclude>
    <ClInclude Include="GameTimer.h">
      <Filter>Engine\Timer</Filter>
    </ClInclude>
    <ClInclude Include="ColorRenderMesh.h">
      <Filter>RenderAssets\ColorRenderMesh</Filter>
    </ClInclude>
    <ClInclude Include="TextureRenderMesh.h">
      <Filter>RenderAssets\TextureRenderMesh</Filter>
    </ClInclude>
    <ClInclude Include="ScreenStreamer.h">
      <Filter>Streamer</Filter>
    </ClInclude>
    <ClInclude Include="StreamingHeader.h">
      <Filter>Streamer</Filter>
    </ClInclude>
  </ItemGroup>
  <ItemGroup>
    <None Include="Shaders\Default.hlsl">
      <Filter>Shaders</Filter>
    </None>
    <None Include="packages.config" />
    <None Include="Shaders\Simple.hlsl">
      <Filter>Shaders</Filter>
    </None>
    <None Include="Shaders\Sprite.hlsl">
      <Filter>Shaders</Filter>
    </None>
    <None Include="Shaders\GridTile.hlsl">
      <Filter>Shaders</Filter>
    </None>
    <None Include="BasicMeshObject.cpp">
      <Filter>[Deleted]\BasicMeshObject</Filter>
    </None>
    <None Include="BasicMeshObject.h">
      <Filter>[Deleted]\BasicMeshObject</Filter>
    </None>
    <None Include="Shaders\Commons.hlsl">
      <Filter>Shaders\Common</Filter>
    </None>
    <None Include="Shaders\LightingUtil.hlsl">
      <Filter>Shaders\Common</Filter>
    </None>
    <None Include="Shaders\Outline.hlsl">
      <Filter>Shaders</Filter>
    </None>
  </ItemGroup>
  <ItemGroup>
    <ClCompile Include="main.cpp" />
    <ClCompile Include="pch.cpp">
      <Filter>pch</Filter>
    </ClCompile>
    <ClCompile Include="D3DUtil.cpp">
      <Filter>Util</Filter>
    </ClCompile>
    <ClCompile Include="D3D12Renderer.cpp">
      <Filter>Renderer\D3D12Renderer</Filter>
    </ClCompile>
    <ClCompile Include="D3D12ResourceManager.cpp">
      <Filter>Renderer\ResourceManager</Filter>
    </ClCompile>
    <ClCompile Include="ConstantBufferPool.cpp">
      <Filter>Renderer\ConstantBufferPool</Filter>
    </ClCompile>
    <ClCompile Include="DescriptorPool.cpp">
      <Filter>Renderer\DescriptorPool</Filter>
    </ClCompile>
    <ClCompile Include="SingleDescriptorAllocator.cpp">
      <Filter>Renderer\SingleDescriptorAllocator</Filter>
    </ClCompile>
    <ClCompile Include="IndexCreator.cpp">
      <Filter>Util</Filter>
    </ClCompile>
    <ClCompile Include="DDSTextureLoader12.cpp">
      <Filter>DirectXTex\DDSLoader</Filter>
    </ClCompile>
    <ClCompile Include="VertexUtil.cpp">
      <Filter>Util</Filter>
    </ClCompile>
    <ClCompile Include="ConstantBufferManager.cpp">
      <Filter>Renderer\ConstantBufferManager</Filter>
    </ClCompile>
    <ClCompile Include="SpriteObject.cpp">
      <Filter>Renderer\SpriteObject</Filter>
    </ClCompile>
    <ClCompile Include="D3D12PSOCache.cpp">
      <Filter>Renderer\PSOPool</Filter>
    </ClCompile>
    <ClCompile Include="PSOKeys.cpp">
      <Filter>Renderer\PSOPool</Filter>
    </ClCompile>
    <ClCompile Include="WICTextureLoader12.cpp">
      <Filter>DirectXTex\WICLoader</Filter>
    </ClCompile>
    <ClCompile Include="CommonAssets.cpp">
      <Filter>RenderAssets</Filter>
    </ClCompile>
    <ClCompile Include="Grid_RenderMesh.cpp">
      <Filter>RenderAssets\ColorRenderMesh\Grid</Filter>
    </ClCompile>
    <ClCompile Include="FlyCamera.cpp">
      <Filter>Renderer\D3D12Renderer\Camera</Filter>
    </ClCompile>
    <ClCompile Include="GameTimer.cpp">
      <Filter>Engine\Timer</Filter>
    </ClCompile>
    <ClCompile Include="ColorRenderMesh.cpp">
      <Filter>RenderAssets\ColorRenderMesh</Filter>
    </ClCompile>
    <ClCompile Include="TextureRenderMesh.cpp">
      <Filter>RenderAssets\TextureRenderMesh</Filter>
    </ClCompile>
    <ClCompile Include="ScreenStreamer.cpp">
      <Filter>Streamer</Filter>
    </ClCompile>
    <ClCompile Include="StreamingHeader.cpp">
      <Filter>Streamer</Filter>
    </ClCompile>
  </ItemGroup>
</Project>